// !$*UTF8*$!
{
	archiveVersion = 1;
	classes = {
	};
	objectVersion = 46;
	objects = {

/* Begin PBXBuildFile section */
		ECF535A91BE8A15100015674 /* rUIKit.h in Headers */ = {isa = PBXBuildFile; fileRef = ECF535A81BE8A15100015674 /* rUIKit.h */; settings = {ATTRIBUTES = (Public, ); }; };
		ECF535B01BE8A15100015674 /* rUIKit.framework in Frameworks */ = {isa = PBXBuildFile; fileRef = ECF535A51BE8A15100015674 /* rUIKit.framework */; settings = {ASSET_TAGS = (); }; };
		ECF535B51BE8A15100015674 /* rUIKitTests.swift in Sources */ = {isa = PBXBuildFile; fileRef = ECF535B41BE8A15100015674 /* rUIKitTests.swift */; };
		ECF535C01BE8A19C00015674 /* rUILabel.swift in Sources */ = {isa = PBXBuildFile; fileRef = ECF535BF1BE8A19C00015674 /* rUILabel.swift */; settings = {ASSET_TAGS = (); }; };
		ECF535C21BE8A1BD00015674 /* rStreams.framework in Frameworks */ = {isa = PBXBuildFile; fileRef = ECF535C11BE8A1BD00015674 /* rStreams.framework */; };
		ECF535C41BE8A1C300015674 /* rCollections.framework in Frameworks */ = {isa = PBXBuildFile; fileRef = ECF535C31BE8A1C300015674 /* rCollections.framework */; };
		ECF535C81BE8A49500015674 /* rUIImageView.swift in Sources */ = {isa = PBXBuildFile; fileRef = ECF535C71BE8A49500015674 /* rUIImageView.swift */; settings = {ASSET_TAGS = (); }; };
		ECF535CA1BE8A4D000015674 /* rUIBarItem.swift in Sources */ = {isa = PBXBuildFile; fileRef = ECF535C91BE8A4D000015674 /* rUIBarItem.swift */; settings = {ASSET_TAGS = (); }; };
		ECF535CC1BE8A51100015674 /* rUIActivityIndicatorView.swift in Sources */ = {isa = PBXBuildFile; fileRef = ECF535CB1BE8A51100015674 /* rUIActivityIndicatorView.swift */; settings = {ASSET_TAGS = (); }; };
		ECF535CE1BE8A54500015674 /* rUINavigationItem.swift in Sources */ = {isa = PBXBuildFile; fileRef = ECF535CD1BE8A54500015674 /* rUINavigationItem.swift */; settings = {ASSET_TAGS = (); }; };
		ECF535D01BE8A56F00015674 /* rUIProgressView.swift in Sources */ = {isa = PBXBuildFile; fileRef = ECF535CF1BE8A56F00015674 /* rUIProgressView.swift */; settings = {ASSET_TAGS = (); }; };
		ECF535D21BE8A59F00015674 /* rUIRefreshControl.swift in Sources */ = {isa = PBXBuildFile; fileRef = ECF535D11BE8A59F00015674 /* rUIRefreshControl.swift */; settings = {ASSET_TAGS = (); }; };
		ECF535D41BE8A5CB00015674 /* rUIView.swift in Sources */ = {isa = PBXBuildFile; fileRef = ECF535D31BE8A5CB00015674 /* rUIView.swift */; settings = {ASSET_TAGS = (); }; };
		ECF535E31BE8A7C200015674 /* rFoundation.framework in Frameworks */ = {isa = PBXBuildFile; fileRef = ECF535E21BE8A7C200015674 /* rFoundation.framework */; };
		ECF535E61BE8A9D700015674 /* rUITableView.swift in Sources */ = {isa = PBXBuildFile; fileRef = ECF535E51BE8A9D700015674 /* rUITableView.swift */; settings = {ASSET_TAGS = (); }; };
/* End PBXBuildFile section */

/* Begin PBXContainerItemProxy section */
		ECF535B11BE8A15100015674 /* PBXContainerItemProxy */ = {
			isa = PBXContainerItemProxy;
			containerPortal = ECF5359C1BE8A15100015674 /* Project object */;
			proxyType = 1;
			remoteGlobalIDString = ECF535A41BE8A15100015674;
			remoteInfo = rUIKit;
		};
/* End PBXContainerItemProxy section */

/* Begin PBXFileReference section */
		ECF535A51BE8A15100015674 /* rUIKit.framework */ = {isa = PBXFileReference; explicitFileType = wrapper.framework; includeInIndex = 0; path = rUIKit.framework; sourceTree = BUILT_PRODUCTS_DIR; };
		ECF535A81BE8A15100015674 /* rUIKit.h */ = {isa = PBXFileReference; lastKnownFileType = sourcecode.c.h; path = rUIKit.h; sourceTree = "<group>"; };
		ECF535AA1BE8A15100015674 /* Info.plist */ = {isa = PBXFileReference; lastKnownFileType = text.plist.xml; path = Info.plist; sourceTree = "<group>"; };
		ECF535AF1BE8A15100015674 /* rUIKitTests.xctest */ = {isa = PBXFileReference; explicitFileType = wrapper.cfbundle; includeInIndex = 0; path = rUIKitTests.xctest; sourceTree = BUILT_PRODUCTS_DIR; };
		ECF535B41BE8A15100015674 /* rUIKitTests.swift */ = {isa = PBXFileReference; lastKnownFileType = sourcecode.swift; path = rUIKitTests.swift; sourceTree = "<group>"; };
		ECF535B61BE8A15100015674 /* Info.plist */ = {isa = PBXFileReference; lastKnownFileType = text.plist.xml; path = Info.plist; sourceTree = "<group>"; };
		ECF535BF1BE8A19C00015674 /* rUILabel.swift */ = {isa = PBXFileReference; fileEncoding = 4; lastKnownFileType = sourcecode.swift; path = rUILabel.swift; sourceTree = "<group>"; };
		ECF535C11BE8A1BD00015674 /* rStreams.framework */ = {isa = PBXFileReference; lastKnownFileType = wrapper.framework; name = rStreams.framework; path = "../rStreams/build/Debug-iphoneos/rStreams.framework"; sourceTree = "<group>"; };
		ECF535C31BE8A1C300015674 /* rCollections.framework */ = {isa = PBXFileReference; lastKnownFileType = wrapper.framework; name = rCollections.framework; path = "../rCollections/build/Debug-iphoneos/rCollections.framework"; sourceTree = "<group>"; };
		ECF535C71BE8A49500015674 /* rUIImageView.swift */ = {isa = PBXFileReference; fileEncoding = 4; lastKnownFileType = sourcecode.swift; path = rUIImageView.swift; sourceTree = "<group>"; };
		ECF535C91BE8A4D000015674 /* rUIBarItem.swift */ = {isa = PBXFileReference; fileEncoding = 4; lastKnownFileType = sourcecode.swift; path = rUIBarItem.swift; sourceTree = "<group>"; };
		ECF535CB1BE8A51100015674 /* rUIActivityIndicatorView.swift */ = {isa = PBXFileReference; fileEncoding = 4; lastKnownFileType = sourcecode.swift; path = rUIActivityIndicatorView.swift; sourceTree = "<group>"; };
		ECF535CD1BE8A54500015674 /* rUINavigationItem.swift */ = {isa = PBXFileReference; fileEncoding = 4; lastKnownFileType = sourcecode.swift; path = rUINavigationItem.swift; sourceTree = "<group>"; };
		ECF535CF1BE8A56F00015674 /* rUIProgressView.swift */ = {isa = PBXFileReference; fileEncoding = 4; lastKnownFileType = sourcecode.swift; path = rUIProgressView.swift; sourceTree = "<group>"; };
		ECF535D11BE8A59F00015674 /* rUIRefreshControl.swift */ = {isa = PBXFileReference; fileEncoding = 4; lastKnownFileType = sourcecode.swift; path = rUIRefreshControl.swift; sourceTree = "<group>"; };
		ECF535D31BE8A5CB00015674 /* rUIView.swift */ = {isa = PBXFileReference; fileEncoding = 4; lastKnownFileType = sourcecode.swift; path = rUIView.swift; sourceTree = "<group>"; };
		ECF535E21BE8A7C200015674 /* rFoundation.framework */ = {isa = PBXFileReference; lastKnownFileType = wrapper.framework; name = rFoundation.framework; path = "../../../Library/Developer/Xcode/DerivedData/KaleoWS-fnkhcbudrlnzlycqnbuocqjzvqgy/Build/Products/Debug-iphoneos/rFoundation.framework"; sourceTree = "<group>"; };
		ECF535E51BE8A9D700015674 /* rUITableView.swift */ = {isa = PBXFileReference; fileEncoding = 4; lastKnownFileType = sourcecode.swift; path = rUITableView.swift; sourceTree = "<group>"; };
/* End PBXFileReference section */

/* Begin PBXFrameworksBuildPhase section */
		ECF535A11BE8A15100015674 /* Frameworks */ = {
			isa = PBXFrameworksBuildPhase;
			buildActionMask = 2147483647;
			files = (
				ECF535E31BE8A7C200015674 /* rFoundation.framework in Frameworks */,
				ECF535C41BE8A1C300015674 /* rCollections.framework in Frameworks */,
				ECF535C21BE8A1BD00015674 /* rStreams.framework in Frameworks */,
			);
			runOnlyForDeploymentPostprocessing = 0;
		};
		ECF535AC1BE8A15100015674 /* Frameworks */ = {
			isa = PBXFrameworksBuildPhase;
			buildActionMask = 2147483647;
			files = (
				ECF535B01BE8A15100015674 /* rUIKit.framework in Frameworks */,
			);
			runOnlyForDeploymentPostprocessing = 0;
		};
/* End PBXFrameworksBuildPhase section */

/* Begin PBXGroup section */
		ECF5359B1BE8A15100015674 = {
			isa = PBXGroup;
			children = (
				ECF535E21BE8A7C200015674 /* rFoundation.framework */,
				ECF535C31BE8A1C300015674 /* rCollections.framework */,
				ECF535C11BE8A1BD00015674 /* rStreams.framework */,
				ECF535A71BE8A15100015674 /* rUIKit */,
				ECF535B31BE8A15100015674 /* rUIKitTests */,
				ECF535A61BE8A15100015674 /* Products */,
			);
			sourceTree = "<group>";
		};
		ECF535A61BE8A15100015674 /* Products */ = {
			isa = PBXGroup;
			children = (
				ECF535A51BE8A15100015674 /* rUIKit.framework */,
				ECF535AF1BE8A15100015674 /* rUIKitTests.xctest */,
			);
			name = Products;
			sourceTree = "<group>";
		};
		ECF535A71BE8A15100015674 /* rUIKit */ = {
			isa = PBXGroup;
			children = (
				ECF535A81BE8A15100015674 /* rUIKit.h */,
				ECF535BF1BE8A19C00015674 /* rUILabel.swift */,
				ECF535C91BE8A4D000015674 /* rUIBarItem.swift */,
				ECF535C71BE8A49500015674 /* rUIImageView.swift */,
				ECF535CB1BE8A51100015674 /* rUIActivityIndicatorView.swift */,
				ECF535CD1BE8A54500015674 /* rUINavigationItem.swift */,
				ECF535CF1BE8A56F00015674 /* rUIProgressView.swift */,
				ECF535D11BE8A59F00015674 /* rUIRefreshControl.swift */,
				ECF535D31BE8A5CB00015674 /* rUIView.swift */,
				ECF535E51BE8A9D700015674 /* rUITableView.swift */,
				ECF535AA1BE8A15100015674 /* Info.plist */,
			);
			path = rUIKit;
			sourceTree = "<group>";
		};
		ECF535B31BE8A15100015674 /* rUIKitTests */ = {
			isa = PBXGroup;
			children = (
				ECF535B41BE8A15100015674 /* rUIKitTests.swift */,
				ECF535B61BE8A15100015674 /* Info.plist */,
			);
			path = rUIKitTests;
			sourceTree = "<group>";
		};
/* End PBXGroup section */

/* Begin PBXHeadersBuildPhase section */
		ECF535A21BE8A15100015674 /* Headers */ = {
			isa = PBXHeadersBuildPhase;
			buildActionMask = 2147483647;
			files = (
				ECF535A91BE8A15100015674 /* rUIKit.h in Headers */,
			);
			runOnlyForDeploymentPostprocessing = 0;
		};
/* End PBXHeadersBuildPhase section */

/* Begin PBXNativeTarget section */
		ECF535A41BE8A15100015674 /* rUIKit */ = {
			isa = PBXNativeTarget;
			buildConfigurationList = ECF535B91BE8A15100015674 /* Build configuration list for PBXNativeTarget "rUIKit" */;
			buildPhases = (
				ECF535A01BE8A15100015674 /* Sources */,
				ECF535A11BE8A15100015674 /* Frameworks */,
				ECF535A21BE8A15100015674 /* Headers */,
				ECF535A31BE8A15100015674 /* Resources */,
			);
			buildRules = (
			);
			dependencies = (
			);
			name = rUIKit;
			productName = rUIKit;
			productReference = ECF535A51BE8A15100015674 /* rUIKit.framework */;
			productType = "com.apple.product-type.framework";
		};
		ECF535AE1BE8A15100015674 /* rUIKitTests */ = {
			isa = PBXNativeTarget;
			buildConfigurationList = ECF535BC1BE8A15100015674 /* Build configuration list for PBXNativeTarget "rUIKitTests" */;
			buildPhases = (
				ECF535AB1BE8A15100015674 /* Sources */,
				ECF535AC1BE8A15100015674 /* Frameworks */,
				ECF535AD1BE8A15100015674 /* Resources */,
			);
			buildRules = (
			);
			dependencies = (
				ECF535B21BE8A15100015674 /* PBXTargetDependency */,
			);
			name = rUIKitTests;
			productName = rUIKitTests;
			productReference = ECF535AF1BE8A15100015674 /* rUIKitTests.xctest */;
			productType = "com.apple.product-type.bundle.unit-test";
		};
/* End PBXNativeTarget section */

/* Begin PBXProject section */
		ECF5359C1BE8A15100015674 /* Project object */ = {
			isa = PBXProject;
			attributes = {
				LastSwiftUpdateCheck = 0700;
				LastUpgradeCheck = 0700;
				ORGANIZATIONNAME = "Srdan Rasic";
				TargetAttributes = {
					ECF535A41BE8A15100015674 = {
						CreatedOnToolsVersion = 7.0.1;
					};
					ECF535AE1BE8A15100015674 = {
						CreatedOnToolsVersion = 7.0.1;
					};
				};
			};
			buildConfigurationList = ECF5359F1BE8A15100015674 /* Build configuration list for PBXProject "rUIKit" */;
			compatibilityVersion = "Xcode 3.2";
			developmentRegion = English;
			hasScannedForEncodings = 0;
			knownRegions = (
				en,
			);
			mainGroup = ECF5359B1BE8A15100015674;
			productRefGroup = ECF535A61BE8A15100015674 /* Products */;
			projectDirPath = "";
			projectRoot = "";
			targets = (
				ECF535A41BE8A15100015674 /* rUIKit */,
				ECF535AE1BE8A15100015674 /* rUIKitTests */,
			);
		};
/* End PBXProject section */

/* Begin PBXResourcesBuildPhase section */
		ECF535A31BE8A15100015674 /* Resources */ = {
			isa = PBXResourcesBuildPhase;
			buildActionMask = 2147483647;
			files = (
			);
			runOnlyForDeploymentPostprocessing = 0;
		};
		ECF535AD1BE8A15100015674 /* Resources */ = {
			isa = PBXResourcesBuildPhase;
			buildActionMask = 2147483647;
			files = (
			);
			runOnlyForDeploymentPostprocessing = 0;
		};
/* End PBXResourcesBuildPhase section */

/* Begin PBXSourcesBuildPhase section */
		ECF535A01BE8A15100015674 /* Sources */ = {
			isa = PBXSourcesBuildPhase;
			buildActionMask = 2147483647;
			files = (
				ECF535C01BE8A19C00015674 /* rUILabel.swift in Sources */,
				ECF535D01BE8A56F00015674 /* rUIProgressView.swift in Sources */,
				ECF535CA1BE8A4D000015674 /* rUIBarItem.swift in Sources */,
				ECF535D41BE8A5CB00015674 /* rUIView.swift in Sources */,
				ECF535CC1BE8A51100015674 /* rUIActivityIndicatorView.swift in Sources */,
				ECF535D21BE8A59F00015674 /* rUIRefreshControl.swift in Sources */,
				ECF535CE1BE8A54500015674 /* rUINavigationItem.swift in Sources */,
				ECF535C81BE8A49500015674 /* rUIImageView.swift in Sources */,
				ECF535E61BE8A9D700015674 /* rUITableView.swift in Sources */,
			);
			runOnlyForDeploymentPostprocessing = 0;
		};
		ECF535AB1BE8A15100015674 /* Sources */ = {
			isa = PBXSourcesBuildPhase;
			buildActionMask = 2147483647;
			files = (
				ECF535B51BE8A15100015674 /* rUIKitTests.swift in Sources */,
			);
			runOnlyForDeploymentPostprocessing = 0;
		};
/* End PBXSourcesBuildPhase section */

/* Begin PBXTargetDependency section */
		ECF535B21BE8A15100015674 /* PBXTargetDependency */ = {
			isa = PBXTargetDependency;
			target = ECF535A41BE8A15100015674 /* rUIKit */;
			targetProxy = ECF535B11BE8A15100015674 /* PBXContainerItemProxy */;
		};
/* End PBXTargetDependency section */

/* Begin XCBuildConfiguration section */
		ECF535B71BE8A15100015674 /* Debug */ = {
			isa = XCBuildConfiguration;
			buildSettings = {
				ALWAYS_SEARCH_USER_PATHS = NO;
				CLANG_CXX_LANGUAGE_STANDARD = "gnu++0x";
				CLANG_CXX_LIBRARY = "libc++";
				CLANG_ENABLE_MODULES = YES;
				CLANG_ENABLE_OBJC_ARC = YES;
				CLANG_WARN_BOOL_CONVERSION = YES;
				CLANG_WARN_CONSTANT_CONVERSION = YES;
				CLANG_WARN_DIRECT_OBJC_ISA_USAGE = YES_ERROR;
				CLANG_WARN_EMPTY_BODY = YES;
				CLANG_WARN_ENUM_CONVERSION = YES;
				CLANG_WARN_INT_CONVERSION = YES;
				CLANG_WARN_OBJC_ROOT_CLASS = YES_ERROR;
				CLANG_WARN_UNREACHABLE_CODE = YES;
				CLANG_WARN__DUPLICATE_METHOD_MATCH = YES;
				"CODE_SIGN_IDENTITY[sdk=iphoneos*]" = "iPhone Developer";
				COPY_PHASE_STRIP = NO;
				CURRENT_PROJECT_VERSION = 1;
				DEBUG_INFORMATION_FORMAT = dwarf;
				ENABLE_STRICT_OBJC_MSGSEND = YES;
				ENABLE_TESTABILITY = YES;
				GCC_C_LANGUAGE_STANDARD = gnu99;
				GCC_DYNAMIC_NO_PIC = NO;
				GCC_NO_COMMON_BLOCKS = YES;
				GCC_OPTIMIZATION_LEVEL = 0;
				GCC_PREPROCESSOR_DEFINITIONS = (
					"DEBUG=1",
					"$(inherited)",
				);
				GCC_WARN_64_TO_32_BIT_CONVERSION = YES;
				GCC_WARN_ABOUT_RETURN_TYPE = YES_ERROR;
				GCC_WARN_UNDECLARED_SELECTOR = YES;
				GCC_WARN_UNINITIALIZED_AUTOS = YES_AGGRESSIVE;
				GCC_WARN_UNUSED_FUNCTION = YES;
				GCC_WARN_UNUSED_VARIABLE = YES;
				IPHONEOS_DEPLOYMENT_TARGET = 9.0;
				MTL_ENABLE_DEBUG_INFO = YES;
				ONLY_ACTIVE_ARCH = YES;
				SDKROOT = iphoneos;
				SWIFT_OPTIMIZATION_LEVEL = "-Onone";
				TARGETED_DEVICE_FAMILY = "1,2";
				VERSIONING_SYSTEM = "apple-generic";
				VERSION_INFO_PREFIX = "";
			};
			name = Debug;
		};
		ECF535B81BE8A15100015674 /* Release */ = {
			isa = XCBuildConfiguration;
			buildSettings = {
				ALWAYS_SEARCH_USER_PATHS = NO;
				CLANG_CXX_LANGUAGE_STANDARD = "gnu++0x";
				CLANG_CXX_LIBRARY = "libc++";
				CLANG_ENABLE_MODULES = YES;
				CLANG_ENABLE_OBJC_ARC = YES;
				CLANG_WARN_BOOL_CONVERSION = YES;
				CLANG_WARN_CONSTANT_CONVERSION = YES;
				CLANG_WARN_DIRECT_OBJC_ISA_USAGE = YES_ERROR;
				CLANG_WARN_EMPTY_BODY = YES;
				CLANG_WARN_ENUM_CONVERSION = YES;
				CLANG_WARN_INT_CONVERSION = YES;
				CLANG_WARN_OBJC_ROOT_CLASS = YES_ERROR;
				CLANG_WARN_UNREACHABLE_CODE = YES;
				CLANG_WARN__DUPLICATE_METHOD_MATCH = YES;
				"CODE_SIGN_IDENTITY[sdk=iphoneos*]" = "iPhone Developer";
				COPY_PHASE_STRIP = NO;
				CURRENT_PROJECT_VERSION = 1;
				DEBUG_INFORMATION_FORMAT = "dwarf-with-dsym";
				ENABLE_NS_ASSERTIONS = NO;
				ENABLE_STRICT_OBJC_MSGSEND = YES;
				GCC_C_LANGUAGE_STANDARD = gnu99;
				GCC_NO_COMMON_BLOCKS = YES;
				GCC_WARN_64_TO_32_BIT_CONVERSION = YES;
				GCC_WARN_ABOUT_RETURN_TYPE = YES_ERROR;
				GCC_WARN_UNDECLARED_SELECTOR = YES;
				GCC_WARN_UNINITIALIZED_AUTOS = YES_AGGRESSIVE;
				GCC_WARN_UNUSED_FUNCTION = YES;
				GCC_WARN_UNUSED_VARIABLE = YES;
				IPHONEOS_DEPLOYMENT_TARGET = 9.0;
				MTL_ENABLE_DEBUG_INFO = NO;
				SDKROOT = iphoneos;
				TARGETED_DEVICE_FAMILY = "1,2";
				VALIDATE_PRODUCT = YES;
				VERSIONING_SYSTEM = "apple-generic";
				VERSION_INFO_PREFIX = "";
			};
			name = Release;
		};
		ECF535BA1BE8A15100015674 /* Debug */ = {
			isa = XCBuildConfiguration;
			buildSettings = {
				CLANG_ENABLE_MODULES = YES;
				DEFINES_MODULE = YES;
				DYLIB_COMPATIBILITY_VERSION = 1;
				DYLIB_CURRENT_VERSION = 1;
				DYLIB_INSTALL_NAME_BASE = "@rpath";
				INFOPLIST_FILE = rUIKit/Info.plist;
				INSTALL_PATH = "$(LOCAL_LIBRARY_DIR)/Frameworks";
				LD_RUNPATH_SEARCH_PATHS = "$(inherited) @executable_path/Frameworks @loader_path/Frameworks";
				PRODUCT_BUNDLE_IDENTIFIER = "Srdan-Rasic.rUIKit";
				PRODUCT_NAME = "$(TARGET_NAME)";
				SKIP_INSTALL = YES;
				SWIFT_OPTIMIZATION_LEVEL = "-Onone";
			};
			name = Debug;
		};
		ECF535BB1BE8A15100015674 /* Release */ = {
			isa = XCBuildConfiguration;
			buildSettings = {
				CLANG_ENABLE_MODULES = YES;
				DEFINES_MODULE = YES;
				DYLIB_COMPATIBILITY_VERSION = 1;
				DYLIB_CURRENT_VERSION = 1;
				DYLIB_INSTALL_NAME_BASE = "@rpath";
				INFOPLIST_FILE = rUIKit/Info.plist;
				INSTALL_PATH = "$(LOCAL_LIBRARY_DIR)/Frameworks";
				LD_RUNPATH_SEARCH_PATHS = "$(inherited) @executable_path/Frameworks @loader_path/Frameworks";
				PRODUCT_BUNDLE_IDENTIFIER = "Srdan-Rasic.rUIKit";
				PRODUCT_NAME = "$(TARGET_NAME)";
				SKIP_INSTALL = YES;
			};
			name = Release;
		};
		ECF535BD1BE8A15100015674 /* Debug */ = {
			isa = XCBuildConfiguration;
			buildSettings = {
				INFOPLIST_FILE = rUIKitTests/Info.plist;
				LD_RUNPATH_SEARCH_PATHS = "$(inherited) @executable_path/Frameworks @loader_path/Frameworks";
				PRODUCT_BUNDLE_IDENTIFIER = "Srdan-Rasic.rUIKitTests";
				PRODUCT_NAME = "$(TARGET_NAME)";
			};
			name = Debug;
		};
		ECF535BE1BE8A15100015674 /* Release */ = {
			isa = XCBuildConfiguration;
			buildSettings = {
				INFOPLIST_FILE = rUIKitTests/Info.plist;
				LD_RUNPATH_SEARCH_PATHS = "$(inherited) @executable_path/Frameworks @loader_path/Frameworks";
				PRODUCT_BUNDLE_IDENTIFIER = "Srdan-Rasic.rUIKitTests";
				PRODUCT_NAME = "$(TARGET_NAME)";
			};
			name = Release;
		};
/* End XCBuildConfiguration section */

/* Begin XCConfigurationList section */
		ECF5359F1BE8A15100015674 /* Build configuration list for PBXProject "rUIKit" */ = {
			isa = XCConfigurationList;
			buildConfigurations = (
				ECF535B71BE8A15100015674 /* Debug */,
				ECF535B81BE8A15100015674 /* Release */,
			);
			defaultConfigurationIsVisible = 0;
			defaultConfigurationName = Release;
		};
		ECF535B91BE8A15100015674 /* Build configuration list for PBXNativeTarget "rUIKit" */ = {
			isa = XCConfigurationList;
			buildConfigurations = (
				ECF535BA1BE8A15100015674 /* Debug */,
				ECF535BB1BE8A15100015674 /* Release */,
			);
			defaultConfigurationIsVisible = 0;
			defaultConfigurationName = Release;
		};
		ECF535BC1BE8A15100015674 /* Build configuration list for PBXNativeTarget "rUIKitTests" */ = {
			isa = XCConfigurationList;
			buildConfigurations = (
				ECF535BD1BE8A15100015674 /* Debug */,
				ECF535BE1BE8A15100015674 /* Release */,
			);
			defaultConfigurationIsVisible = 0;
			defaultConfigurationName = Release;
		};
/* End XCConfigurationList section */
	};
	rootObject = ECF5359C1BE8A15100015674 /* Project object */;
}
